<Solution>
  <Project Path="../Fauno.Auth.Application/Fauno.Auth.Application.csproj" Id="f5779575-d888-4790-9354-6626cce7c7ed" />
  <Project Path="../Fauno.Auth.Domain/Fauno.Auth.Domain.csproj" />
  <Project Path="../Fauno.Auth.Repository/Fauno.Auth.Infrastructure.csproj" />
  <Project Path="Fauno.Auth.Api.csproj" />
</Solution>
